
Microsoft Visual Studio Solution File, Format Version 12.00
# Visual Studio 15
VisualStudioVersion = 15.0.28307.1972
MinimumVisualStudioVersion = 10.0.40219.1
Project("{2150E333-8FDC-42A3-9474-1A3956D46DE8}") = "doc", "doc", "{F1D910BC-CAB0-4D93-8DD7-424B802AFEAD}"
	ProjectSection(SolutionItems) = preProject
		COPYING.txt = COPYING.txt
		README.txt = README.txt
		TODO.txt = TODO.txt
	EndProjectSection
EndProject
Project("{FAE04EC0-301F-11D3-BF4B-00C04F79EFBC}") = "LSharp", "LSharp\LSharp.csproj", "{34FFB463-7DC4-4A68-9339-A68B02CD5199}"
EndProject
Project("{FAE04EC0-301F-11D3-BF4B-00C04F79EFBC}") = "LSharpConsole", "LSharpConsole\LSharpConsole.csproj", "{3C5B9461-F2ED-4F12-9BF8-B201A0EA6086}"
EndProject
Global
	GlobalSection(SolutionConfigurationPlatforms) = preSolution
		Debug|Any CPU = Debug|Any CPU
		Release|Any CPU = Release|Any CPU
	EndGlobalSection
	GlobalSection(ProjectConfigurationPlatforms) = postSolution
		{34FFB463-7DC4-4A68-9339-A68B02CD5199}.Debug|Any CPU.ActiveCfg = Debug|Any CPU
		{34FFB463-7DC4-4A68-9339-A68B02CD5199}.Debug|Any CPU.Build.0 = Debug|Any CPU
		{34FFB463-7DC4-4A68-9339-A68B02CD5199}.Release|Any CPU.ActiveCfg = Release|Any CPU
		{34FFB463-7DC4-4A68-9339-A68B02CD5199}.Release|Any CPU.Build.0 = Release|Any CPU
		{3C5B9461-F2ED-4F12-9BF8-B201A0EA6086}.Debug|Any CPU.ActiveCfg = Debug|Any CPU
		{3C5B9461-F2ED-4F12-9BF8-B201A0EA6086}.Debug|Any CPU.Build.0 = Debug|Any CPU
		{3C5B9461-F2ED-4F12-9BF8-B201A0EA6086}.Release|Any CPU.ActiveCfg = Release|Any CPU
		{3C5B9461-F2ED-4F12-9BF8-B201A0EA6086}.Release|Any CPU.Build.0 = Release|Any CPU
	EndGlobalSection
	GlobalSection(SolutionProperties) = preSolution
		HideSolutionNode = FALSE
	EndGlobalSection
	GlobalSection(ExtensibilityGlobals) = postSolution
		SolutionGuid = {C52D2BFD-5A0C-425F-9F66-4AE30F4DC1F3}
	EndGlobalSection
EndGlobal
