
Microsoft Visual Studio Solution File, Format Version 12.00
# Visual Studio 2010
Project("{2150E333-8FDC-42A3-9474-1A3956D46DE8}") = "Tests", "Tests", "{4D50FB34-10BC-495A-8B2F-482E34B4D771}"
EndProject
Project("{2150E333-8FDC-42A3-9474-1A3956D46DE8}") = "Samples", "Samples", "{49EE74BD-301F-4C3B-B76A-07F90CC88CE7}"
EndProject
Project("{FAE04EC0-301F-11D3-BF4B-00C04F79EFBC}") = "Examples", "src\Examples\Examples.csproj", "{8239A6FF-1EF3-4DA4-A860-95C392DD6899}"
EndProject
Project("{FAE04EC0-301F-11D3-BF4B-00C04F79EFBC}") = "Numerics", "src\Numerics\Numerics.csproj", "{B7CAE5F4-A23F-4438-B5BE-41226618B695}"
EndProject
Project("{FAE04EC0-301F-11D3-BF4B-00C04F79EFBC}") = "UnitTests", "src\UnitTests\UnitTests.csproj", "{DAF07AA8-C5C9-4963-98F7-2C3285064DAD}"
EndProject
Project("{FAE04EC0-301F-11D3-BF4B-00C04F79EFBC}") = "Numerics.IO", "src\Numerics.IO\Numerics.IO.csproj", "{EB1A5D32-F264-4BCE-BEB7-0B97085075BE}"
EndProject
Global
	GlobalSection(SolutionConfigurationPlatforms) = preSolution
		Debug|Any CPU = Debug|Any CPU
		Release|Any CPU = Release|Any CPU
		Release-Signed|Any CPU = Release-Signed|Any CPU
	EndGlobalSection
	GlobalSection(ProjectConfigurationPlatforms) = postSolution
		{8239A6FF-1EF3-4DA4-A860-95C392DD6899}.Debug|Any CPU.ActiveCfg = Debug|Any CPU
		{8239A6FF-1EF3-4DA4-A860-95C392DD6899}.Debug|Any CPU.Build.0 = Debug|Any CPU
		{8239A6FF-1EF3-4DA4-A860-95C392DD6899}.Release|Any CPU.ActiveCfg = Release|Any CPU
		{8239A6FF-1EF3-4DA4-A860-95C392DD6899}.Release|Any CPU.Build.0 = Release|Any CPU
		{8239A6FF-1EF3-4DA4-A860-95C392DD6899}.Release-Signed|Any CPU.ActiveCfg = Release-Signed|Any CPU
		{8239A6FF-1EF3-4DA4-A860-95C392DD6899}.Release-Signed|Any CPU.Build.0 = Release-Signed|Any CPU
		{B7CAE5F4-A23F-4438-B5BE-41226618B695}.Debug|Any CPU.ActiveCfg = Debug|Any CPU
		{B7CAE5F4-A23F-4438-B5BE-41226618B695}.Debug|Any CPU.Build.0 = Debug|Any CPU
		{B7CAE5F4-A23F-4438-B5BE-41226618B695}.Release|Any CPU.ActiveCfg = Release|Any CPU
		{B7CAE5F4-A23F-4438-B5BE-41226618B695}.Release|Any CPU.Build.0 = Release|Any CPU
		{B7CAE5F4-A23F-4438-B5BE-41226618B695}.Release-Signed|Any CPU.ActiveCfg = Release-Signed|Any CPU
		{B7CAE5F4-A23F-4438-B5BE-41226618B695}.Release-Signed|Any CPU.Build.0 = Release-Signed|Any CPU
		{DAF07AA8-C5C9-4963-98F7-2C3285064DAD}.Debug|Any CPU.ActiveCfg = Debug|Any CPU
		{DAF07AA8-C5C9-4963-98F7-2C3285064DAD}.Debug|Any CPU.Build.0 = Debug|Any CPU
		{DAF07AA8-C5C9-4963-98F7-2C3285064DAD}.Release|Any CPU.ActiveCfg = Release|Any CPU
		{DAF07AA8-C5C9-4963-98F7-2C3285064DAD}.Release|Any CPU.Build.0 = Release|Any CPU
		{DAF07AA8-C5C9-4963-98F7-2C3285064DAD}.Release-Signed|Any CPU.ActiveCfg = Release-Signed|Any CPU
		{DAF07AA8-C5C9-4963-98F7-2C3285064DAD}.Release-Signed|Any CPU.Build.0 = Release-Signed|Any CPU
		{EB1A5D32-F264-4BCE-BEB7-0B97085075BE}.Debug|Any CPU.ActiveCfg = Debug|Any CPU
		{EB1A5D32-F264-4BCE-BEB7-0B97085075BE}.Debug|Any CPU.Build.0 = Debug|Any CPU
		{EB1A5D32-F264-4BCE-BEB7-0B97085075BE}.Release|Any CPU.ActiveCfg = Release|Any CPU
		{EB1A5D32-F264-4BCE-BEB7-0B97085075BE}.Release|Any CPU.Build.0 = Release|Any CPU
		{EB1A5D32-F264-4BCE-BEB7-0B97085075BE}.Release-Signed|Any CPU.ActiveCfg = Release-Signed|Any CPU
		{EB1A5D32-F264-4BCE-BEB7-0B97085075BE}.Release-Signed|Any CPU.Build.0 = Release-Signed|Any CPU
	EndGlobalSection
	GlobalSection(SolutionProperties) = preSolution
		HideSolutionNode = FALSE
	EndGlobalSection
	GlobalSection(NestedProjects) = preSolution
		{DAF07AA8-C5C9-4963-98F7-2C3285064DAD} = {4D50FB34-10BC-495A-8B2F-482E34B4D771}
		{8239A6FF-1EF3-4DA4-A860-95C392DD6899} = {49EE74BD-301F-4C3B-B76A-07F90CC88CE7}
	EndGlobalSection
EndGlobal
