
Microsoft Visual Studio Solution File, Format Version 12.00
# Visual Studio 15
VisualStudioVersion = 15.0.28307.1972
MinimumVisualStudioVersion = 10.0.40219.1
Project("{FAE04EC0-301F-11D3-BF4B-00C04F79EFBC}") = "System.Windows.Forms", "System.Windows.Forms.csproj", "{905341F3-9C88-47FE-A436-538DFA86661E}"
EndProject
Global
	GlobalSection(SolutionConfigurationPlatforms) = preSolution
		Debug|Any CPU = Debug|Any CPU
		Release|Any CPU = Release|Any CPU
	EndGlobalSection
	GlobalSection(ProjectConfigurationPlatforms) = postSolution
		{905341F3-9C88-47FE-A436-538DFA86661E}.Debug|Any CPU.ActiveCfg = Debug|Any CPU
		{905341F3-9C88-47FE-A436-538DFA86661E}.Debug|Any CPU.Build.0 = Debug|Any CPU
		{905341F3-9C88-47FE-A436-538DFA86661E}.Release|Any CPU.ActiveCfg = Release|Any CPU
		{905341F3-9C88-47FE-A436-538DFA86661E}.Release|Any CPU.Build.0 = Release|Any CPU
	EndGlobalSection
	GlobalSection(SolutionProperties) = preSolution
		HideSolutionNode = FALSE
	EndGlobalSection
	GlobalSection(ExtensibilityGlobals) = postSolution
		SolutionGuid = {8362844C-DBAB-4A80-89B1-61DC0AE8A9C5}
	EndGlobalSection
EndGlobal
